
Microsoft Visual Studio Solution File, Format Version 12.00
# Visual Studio 15
VisualStudioVersion = 15.0.28010.2016
MinimumVisualStudioVersion = 10.0.40219.1
Project("{8BC9CEB8-8B4A-11D0-8D11-00A0C91BC942}") = "cornerHarris", "Draw_geometry\Draw_geometry.vcxproj", "{3E09021B-35F8-430F-9ED7-907686852938}"
EndProject
Global
	GlobalSection(SolutionConfigurationPlatforms) = preSolution
		Debug|x64 = Debug|x64
		Debug|x86 = Debug|x86
		Release|x64 = Release|x64
		Release|x86 = Release|x86
	EndGlobalSection
	GlobalSection(ProjectConfigurationPlatforms) = postSolution
		{3E09021B-35F8-430F-9ED7-907686852938}.Debug|x64.ActiveCfg = Debug|x64
		{3E09021B-35F8-430F-9ED7-907686852938}.Debug|x64.Build.0 = Debug|x64
		{3E09021B-35F8-430F-9ED7-907686852938}.Debug|x86.ActiveCfg = Debug|Win32
		{3E09021B-35F8-430F-9ED7-907686852938}.Debug|x86.Build.0 = Debug|Win32
		{3E09021B-35F8-430F-9ED7-907686852938}.Release|x64.ActiveCfg = Release|x64
		{3E09021B-35F8-430F-9ED7-907686852938}.Release|x64.Build.0 = Release|x64
		{3E09021B-35F8-430F-9ED7-907686852938}.Release|x86.ActiveCfg = Release|Win32
		{3E09021B-35F8-430F-9ED7-907686852938}.Release|x86.Build.0 = Release|Win32
	EndGlobalSection
	GlobalSection(SolutionProperties) = preSolution
		HideSolutionNode = FALSE
	EndGlobalSection
	GlobalSection(ExtensibilityGlobals) = postSolution
		SolutionGuid = {C2A6D3B0-6D21-4B31-B825-A693826C63A3}
	EndGlobalSection
EndGlobal
